
Microsoft Visual Studio Solution File, Format Version 12.00
# Visual Studio 14
VisualStudioVersion = 14.0.24720.0
MinimumVisualStudioVersion = 10.0.40219.1
Project("{FAE04EC0-301F-11D3-BF4B-00C04F79EFBC}") = "AutomationFramework", "AutomationFramework\AutomationFramework.csproj", "{750F717E-8AAD-430A-82D6-792AFA22EFAD}"
EndProject
Project("{FAE04EC0-301F-11D3-BF4B-00C04F79EFBC}") = "AirsoftSafeZoneTests", "AirsoftSafeZoneTests\AirsoftSafeZoneTests.csproj", "{E7E36A57-EF14-4F96-A036-947FD643FD16}"
EndProject
Global
	GlobalSection(SolutionConfigurationPlatforms) = preSolution
		Debug|Any CPU = Debug|Any CPU
		Release|Any CPU = Release|Any CPU
	EndGlobalSection
	GlobalSection(ProjectConfigurationPlatforms) = postSolution
		{750F717E-8AAD-430A-82D6-792AFA22EFAD}.Debug|Any CPU.ActiveCfg = Debug|Any CPU
		{750F717E-8AAD-430A-82D6-792AFA22EFAD}.Debug|Any CPU.Build.0 = Debug|Any CPU
		{750F717E-8AAD-430A-82D6-792AFA22EFAD}.Release|Any CPU.ActiveCfg = Release|Any CPU
		{750F717E-8AAD-430A-82D6-792AFA22EFAD}.Release|Any CPU.Build.0 = Release|Any CPU
		{E7E36A57-EF14-4F96-A036-947FD643FD16}.Debug|Any CPU.ActiveCfg = Debug|Any CPU
		{E7E36A57-EF14-4F96-A036-947FD643FD16}.Debug|Any CPU.Build.0 = Debug|Any CPU
		{E7E36A57-EF14-4F96-A036-947FD643FD16}.Release|Any CPU.ActiveCfg = Release|Any CPU
		{E7E36A57-EF14-4F96-A036-947FD643FD16}.Release|Any CPU.Build.0 = Release|Any CPU
	EndGlobalSection
	GlobalSection(SolutionProperties) = preSolution
		HideSolutionNode = FALSE
	EndGlobalSection
EndGlobal
